// !$*UTF8*$!
{
	archiveVersion = 1;
	classes = {
	};
	objectVersion = 55;
	objects = {

/* Begin PBXBuildFile section */
		793301D327AB6C7D001B9CC9 /* AppDelegate.m in Sources */ = {isa = PBXBuildFile; fileRef = 793301D227AB6C7D001B9CC9 /* AppDelegate.m */; };
		793301D627AB6C7D001B9CC9 /* SceneDelegate.m in Sources */ = {isa = PBXBuildFile; fileRef = 793301D527AB6C7D001B9CC9 /* SceneDelegate.m */; };
		793301D927AB6C7D001B9CC9 /* ViewController.m in Sources */ = {isa = PBXBuildFile; fileRef = 793301D827AB6C7D001B9CC9 /* ViewController.m */; };
		793301DC27AB6C7D001B9CC9 /* Main.storyboard in Resources */ = {isa = PBXBuildFile; fileRef = 793301DA27AB6C7D001B9CC9 /* Main.storyboard */; };
		793301DE27AB6C7D001B9CC9 /* Assets.xcassets in Resources */ = {isa = PBXBuildFile; fileRef = 793301DD27AB6C7D001B9CC9 /* Assets.xcassets */; };
		793301E127AB6C7D001B9CC9 /* LaunchScreen.storyboard in Resources */ = {isa = PBXBuildFile; fileRef = 793301DF27AB6C7D001B9CC9 /* LaunchScreen.storyboard */; };
		793301E427AB6C7D001B9CC9 /* main.m in Sources */ = {isa = PBXBuildFile; fileRef = 793301E327AB6C7D001B9CC9 /* main.m */; };
		793301F127AB6D88001B9CC9 /* BNRItemStore.m in Sources */ = {isa = PBXBuildFile; fileRef = 793301EA27AB6D88001B9CC9 /* BNRItemStore.m */; };
		793301F227AB6D88001B9CC9 /* BNRItem.m in Sources */ = {isa = PBXBuildFile; fileRef = 793301EC27AB6D88001B9CC9 /* BNRItem.m */; };
		793301F327AB6D88001B9CC9 /* HeaderView.xib in Resources */ = {isa = PBXBuildFile; fileRef = 793301EF27AB6D88001B9CC9 /* HeaderView.xib */; };
		793301F427AB6D88001B9CC9 /* BNRItemsViewController.m in Sources */ = {isa = PBXBuildFile; fileRef = 793301F027AB6D88001B9CC9 /* BNRItemsViewController.m */; };
/* End PBXBuildFile section */

/* Begin PBXFileReference section */
		793301CE27AB6C7D001B9CC9 /* D3_HomepwnerPractice.app */ = {isa = PBXFileReference; explicitFileType = wrapper.application; includeInIndex = 0; path = D3_HomepwnerPractice.app; sourceTree = BUILT_PRODUCTS_DIR; };
		793301D127AB6C7D001B9CC9 /* AppDelegate.h */ = {isa = PBXFileReference; lastKnownFileType = sourcecode.c.h; path = AppDelegate.h; sourceTree = "<group>"; };
		793301D227AB6C7D001B9CC9 /* AppDelegate.m */ = {isa = PBXFileReference; lastKnownFileType = sourcecode.c.objc; path = AppDelegate.m; sourceTree = "<group>"; };
		793301D427AB6C7D001B9CC9 /* SceneDelegate.h */ = {isa = PBXFileReference; lastKnownFileType = sourcecode.c.h; path = SceneDelegate.h; sourceTree = "<group>"; };
		793301D527AB6C7D001B9CC9 /* SceneDelegate.m */ = {isa = PBXFileReference; lastKnownFileType = sourcecode.c.objc; path = SceneDelegate.m; sourceTree = "<group>"; };
		793301D727AB6C7D001B9CC9 /* ViewController.h */ = {isa = PBXFileReference; lastKnownFileType = sourcecode.c.h; path = ViewController.h; sourceTree = "<group>"; };
		793301D827AB6C7D001B9CC9 /* ViewController.m */ = {isa = PBXFileReference; lastKnownFileType = sourcecode.c.objc; path = ViewController.m; sourceTree = "<group>"; };
		793301DB27AB6C7D001B9CC9 /* Base */ = {isa = PBXFileReference; lastKnownFileType = file.storyboard; name = Base; path = Base.lproj/Main.storyboard; sourceTree = "<group>"; };
		793301DD27AB6C7D001B9CC9 /* Assets.xcassets */ = {isa = PBXFileReference; lastKnownFileType = folder.assetcatalog; path = Assets.xcassets; sourceTree = "<group>"; };
		793301E027AB6C7D001B9CC9 /* Base */ = {isa = PBXFileReference; lastKnownFileType = file.storyboard; name = Base; path = Base.lproj/LaunchScreen.storyboard; sourceTree = "<group>"; };
		793301E227AB6C7D001B9CC9 /* Info.plist */ = {isa = PBXFileReference; lastKnownFileType = text.plist.xml; path = Info.plist; sourceTree = "<group>"; };
		793301E327AB6C7D001B9CC9 /* main.m */ = {isa = PBXFileReference; lastKnownFileType = sourcecode.c.objc; path = main.m; sourceTree = "<group>"; };
		793301EA27AB6D88001B9CC9 /* BNRItemStore.m */ = {isa = PBXFileReference; fileEncoding = 4; lastKnownFileType = sourcecode.c.objc; path = BNRItemStore.m; sourceTree = "<group>"; };
		793301EB27AB6D88001B9CC9 /* BNRItemsViewController.h */ = {isa = PBXFileReference; fileEncoding = 4; lastKnownFileType = sourcecode.c.h; path = BNRItemsViewController.h; sourceTree = "<group>"; };
		793301EC27AB6D88001B9CC9 /* BNRItem.m */ = {isa = PBXFileReference; fileEncoding = 4; lastKnownFileType = sourcecode.c.objc; path = BNRItem.m; sourceTree = "<group>"; };
		793301ED27AB6D88001B9CC9 /* BNRItem.h */ = {isa = PBXFileReference; fileEncoding = 4; lastKnownFileType = sourcecode.c.h; path = BNRItem.h; sourceTree = "<group>"; };
		793301EE27AB6D88001B9CC9 /* BNRItemStore.h */ = {isa = PBXFileReference; fileEncoding = 4; lastKnownFileType = sourcecode.c.h; path = BNRItemStore.h; sourceTree = "<group>"; };
		793301EF27AB6D88001B9CC9 /* HeaderView.xib */ = {isa = PBXFileReference; fileEncoding = 4; lastKnownFileType = file.xib; path = HeaderView.xib; sourceTree = "<group>"; };
		793301F027AB6D88001B9CC9 /* BNRItemsViewController.m */ = {isa = PBXFileReference; fileEncoding = 4; lastKnownFileType = sourcecode.c.objc; path = BNRItemsViewController.m; sourceTree = "<group>"; };
/* End PBXFileReference section */

/* Begin PBXFrameworksBuildPhase section */
		793301CB27AB6C7D001B9CC9 /* Frameworks */ = {
			isa = PBXFrameworksBuildPhase;
			buildActionMask = 2147483647;
			files = (
			);
			runOnlyForDeploymentPostprocessing = 0;
		};
/* End PBXFrameworksBuildPhase section */

/* Begin PBXGroup section */
		793301C527AB6C7D001B9CC9 = {
			isa = PBXGroup;
			children = (
				793301D027AB6C7D001B9CC9 /* D3_HomepwnerPractice */,
				793301CF27AB6C7D001B9CC9 /* Products */,
			);
			sourceTree = "<group>";
		};
		793301CF27AB6C7D001B9CC9 /* Products */ = {
			isa = PBXGroup;
			children = (
				793301CE27AB6C7D001B9CC9 /* D3_HomepwnerPractice.app */,
			);
			name = Products;
			sourceTree = "<group>";
		};
		793301D027AB6C7D001B9CC9 /* D3_HomepwnerPractice */ = {
			isa = PBXGroup;
			children = (
				793301D127AB6C7D001B9CC9 /* AppDelegate.h */,
				793301D227AB6C7D001B9CC9 /* AppDelegate.m */,
				793301D427AB6C7D001B9CC9 /* SceneDelegate.h */,
				793301D527AB6C7D001B9CC9 /* SceneDelegate.m */,
				793301D727AB6C7D001B9CC9 /* ViewController.h */,
				793301D827AB6C7D001B9CC9 /* ViewController.m */,
				793301DA27AB6C7D001B9CC9 /* Main.storyboard */,
				793301DD27AB6C7D001B9CC9 /* Assets.xcassets */,
				793301DF27AB6C7D001B9CC9 /* LaunchScreen.storyboard */,
				793301E227AB6C7D001B9CC9 /* Info.plist */,
				793301E327AB6C7D001B9CC9 /* main.m */,
				793301ED27AB6D88001B9CC9 /* BNRItem.h */,
				793301EC27AB6D88001B9CC9 /* BNRItem.m */,
				793301EE27AB6D88001B9CC9 /* BNRItemStore.h */,
				793301EA27AB6D88001B9CC9 /* BNRItemStore.m */,
				793301EB27AB6D88001B9CC9 /* BNRItemsViewController.h */,
				793301F027AB6D88001B9CC9 /* BNRItemsViewController.m */,
				793301EF27AB6D88001B9CC9 /* HeaderView.xib */,
			);
			path = D3_HomepwnerPractice;
			sourceTree = "<group>";
		};
/* End PBXGroup section */

/* Begin PBXNativeTarget section */
		793301CD27AB6C7D001B9CC9 /* D3_HomepwnerPractice */ = {
			isa = PBXNativeTarget;
			buildConfigurationList = 793301E727AB6C7D001B9CC9 /* Build configuration list for PBXNativeTarget "D3_HomepwnerPractice" */;
			buildPhases = (
				793301CA27AB6C7D001B9CC9 /* Sources */,
				793301CB27AB6C7D001B9CC9 /* Frameworks */,
				793301CC27AB6C7D001B9CC9 /* Resources */,
			);
			buildRules = (
			);
			dependencies = (
			);
			name = D3_HomepwnerPractice;
			productName = D3_HomepwnerPractice;
			productReference = 793301CE27AB6C7D001B9CC9 /* D3_HomepwnerPractice.app */;
			productType = "com.apple.product-type.application";
		};
/* End PBXNativeTarget section */

/* Begin PBXProject section */
		793301C627AB6C7D001B9CC9 /* Project object */ = {
			isa = PBXProject;
			attributes = {
				BuildIndependentTargetsInParallel = 1;
				LastUpgradeCheck = 1320;
				TargetAttributes = {
					793301CD27AB6C7D001B9CC9 = {
						CreatedOnToolsVersion = 13.2.1;
					};
				};
			};
			buildConfigurationList = 793301C927AB6C7D001B9CC9 /* Build configuration list for PBXProject "D3_HomepwnerPractice" */;
			compatibilityVersion = "Xcode 13.0";
			developmentRegion = en;
			hasScannedForEncodings = 0;
			knownRegions = (
				en,
				Base,
			);
			mainGroup = 793301C527AB6C7D001B9CC9;
			productRefGroup = 793301CF27AB6C7D001B9CC9 /* Products */;
			projectDirPath = "";
			projectRoot = "";
			targets = (
				793301CD27AB6C7D001B9CC9 /* D3_HomepwnerPractice */,
			);
		};
/* End PBXProject section */

/* Begin PBXResourcesBuildPhase section */
		793301CC27AB6C7D001B9CC9 /* Resources */ = {
			isa = PBXResourcesBuildPhase;
			buildActionMask = 2147483647;
			files = (
				793301E127AB6C7D001B9CC9 /* LaunchScreen.storyboard in Resources */,
				793301DE27AB6C7D001B9CC9 /* Assets.xcassets in Resources */,
				793301DC27AB6C7D001B9CC9 /* Main.storyboard in Resources */,
				793301F327AB6D88001B9CC9 /* HeaderView.xib in Resources */,
			);
			runOnlyForDeploymentPostprocessing = 0;
		};
/* End PBXResourcesBuildPhase section */

/* Begin PBXSourcesBuildPhase section */
		793301CA27AB6C7D001B9CC9 /* Sources */ = {
			isa = PBXSourcesBuildPhase;
			buildActionMask = 2147483647;
			files = (
				793301F427AB6D88001B9CC9 /* BNRItemsViewController.m in Sources */,
				793301F127AB6D88001B9CC9 /* BNRItemStore.m in Sources */,
				793301F227AB6D88001B9CC9 /* BNRItem.m in Sources */,
				793301D927AB6C7D001B9CC9 /* ViewController.m in Sources */,
				793301D327AB6C7D001B9CC9 /* AppDelegate.m in Sources */,
				793301E427AB6C7D001B9CC9 /* main.m in Sources */,
				793301D627AB6C7D001B9CC9 /* SceneDelegate.m in Sources */,
			);
			runOnlyForDeploymentPostprocessing = 0;
		};
/* End PBXSourcesBuildPhase section */

/* Begin PBXVariantGroup section */
		793301DA27AB6C7D001B9CC9 /* Main.storyboard */ = {
			isa = PBXVariantGroup;
			children = (
				793301DB27AB6C7D001B9CC9 /* Base */,
			);
			name = Main.storyboard;
			sourceTree = "<group>";
		};
		793301DF27AB6C7D001B9CC9 /* LaunchScreen.storyboard */ = {
			isa = PBXVariantGroup;
			children = (
				793301E027AB6C7D001B9CC9 /* Base */,
			);
			name = LaunchScreen.storyboard;
			sourceTree = "<group>";
		};
/* End PBXVariantGroup section */

/* Begin XCBuildConfiguration section */
		793301E527AB6C7D001B9CC9 /* Debug */ = {
			isa = XCBuildConfiguration;
			buildSettings = {
				ALWAYS_SEARCH_USER_PATHS = NO;
				CLANG_ANALYZER_NONNULL = YES;
				CLANG_ANALYZER_NUMBER_OBJECT_CONVERSION = YES_AGGRESSIVE;
				CLANG_CXX_LANGUAGE_STANDARD = "gnu++17";
				CLANG_CXX_LIBRARY = "libc++";
				CLANG_ENABLE_MODULES = YES;
				CLANG_ENABLE_OBJC_ARC = YES;
				CLANG_ENABLE_OBJC_WEAK = YES;
				CLANG_WARN_BLOCK_CAPTURE_AUTORELEASING = YES;
				CLANG_WARN_BOOL_CONVERSION = YES;
				CLANG_WARN_COMMA = YES;
				CLANG_WARN_CONSTANT_CONVERSION = YES;
				CLANG_WARN_DEPRECATED_OBJC_IMPLEMENTATIONS = YES;
				CLANG_WARN_DIRECT_OBJC_ISA_USAGE = YES_ERROR;
				CLANG_WARN_DOCUMENTATION_COMMENTS = YES;
				CLANG_WARN_EMPTY_BODY = YES;
				CLANG_WARN_ENUM_CONVERSION = YES;
				CLANG_WARN_INFINITE_RECURSION = YES;
				CLANG_WARN_INT_CONVERSION = YES;
				CLANG_WARN_NON_LITERAL_NULL_CONVERSION = YES;
				CLANG_WARN_OBJC_IMPLICIT_RETAIN_SELF = YES;
				CLANG_WARN_OBJC_LITERAL_CONVERSION = YES;
				CLANG_WARN_OBJC_ROOT_CLASS = YES_ERROR;
				CLANG_WARN_QUOTED_INCLUDE_IN_FRAMEWORK_HEADER = YES;
				CLANG_WARN_RANGE_LOOP_ANALYSIS = YES;
				CLANG_WARN_STRICT_PROTOTYPES = YES;
				CLANG_WARN_SUSPICIOUS_MOVE = YES;
				CLANG_WARN_UNGUARDED_AVAILABILITY = YES_AGGRESSIVE;
				CLANG_WARN_UNREACHABLE_CODE = YES;
				CLANG_WARN__DUPLICATE_METHOD_MATCH = YES;
				COPY_PHASE_STRIP = NO;
				DEBUG_INFORMATION_FORMAT = dwarf;
				ENABLE_STRICT_OBJC_MSGSEND = YES;
				ENABLE_TESTABILITY = YES;
				GCC_C_LANGUAGE_STANDARD = gnu11;
				GCC_DYNAMIC_NO_PIC = NO;
				GCC_NO_COMMON_BLOCKS = YES;
				GCC_OPTIMIZATION_LEVEL = 0;
				GCC_PREPROCESSOR_DEFINITIONS = (
					"DEBUG=1",
					"$(inherited)",
				);
				GCC_WARN_64_TO_32_BIT_CONVERSION = YES;
				GCC_WARN_ABOUT_RETURN_TYPE = YES_ERROR;
				GCC_WARN_UNDECLARED_SELECTOR = YES;
				GCC_WARN_UNINITIALIZED_AUTOS = YES_AGGRESSIVE;
				GCC_WARN_UNUSED_FUNCTION = YES;
				GCC_WARN_UNUSED_VARIABLE = YES;
				IPHONEOS_DEPLOYMENT_TARGET = 15.2;
				MTL_ENABLE_DEBUG_INFO = INCLUDE_SOURCE;
				MTL_FAST_MATH = YES;
				ONLY_ACTIVE_ARCH = YES;
				SDKROOT = iphoneos;
			};
			name = Debug;
		};
		793301E627AB6C7D001B9CC9 /* Release */ = {
			isa = XCBuildConfiguration;
			buildSettings = {
				ALWAYS_SEARCH_USER_PATHS = NO;
				CLANG_ANALYZER_NONNULL = YES;
				CLANG_ANALYZER_NUMBER_OBJECT_CONVERSION = YES_AGGRESSIVE;
				CLANG_CXX_LANGUAGE_STANDARD = "gnu++17";
				CLANG_CXX_LIBRARY = "libc++";
				CLANG_ENABLE_MODULES = YES;
				CLANG_ENABLE_OBJC_ARC = YES;
				CLANG_ENABLE_OBJC_WEAK = YES;
				CLANG_WARN_BLOCK_CAPTURE_AUTORELEASING = YES;
				CLANG_WARN_BOOL_CONVERSION = YES;
				CLANG_WARN_COMMA = YES;
				CLANG_WARN_CONSTANT_CONVERSION = YES;
				CLANG_WARN_DEPRECATED_OBJC_IMPLEMENTATIONS = YES;
				CLANG_WARN_DIRECT_OBJC_ISA_USAGE = YES_ERROR;
				CLANG_WARN_DOCUMENTATION_COMMENTS = YES;
				CLANG_WARN_EMPTY_BODY = YES;
				CLANG_WARN_ENUM_CONVERSION = YES;
				CLANG_WARN_INFINITE_RECURSION = YES;
				CLANG_WARN_INT_CONVERSION = YES;
				CLANG_WARN_NON_LITERAL_NULL_CONVERSION = YES;
				CLANG_WARN_OBJC_IMPLICIT_RETAIN_SELF = YES;
				CLANG_WARN_OBJC_LITERAL_CONVERSION = YES;
				CLANG_WARN_OBJC_ROOT_CLASS = YES_ERROR;
				CLANG_WARN_QUOTED_INCLUDE_IN_FRAMEWORK_HEADER = YES;
				CLANG_WARN_RANGE_LOOP_ANALYSIS = YES;
				CLANG_WARN_STRICT_PROTOTYPES = YES;
				CLANG_WARN_SUSPICIOUS_MOVE = YES;
				CLANG_WARN_UNGUARDED_AVAILABILITY = YES_AGGRESSIVE;
				CLANG_WARN_UNREACHABLE_CODE = YES;
				CLANG_WARN__DUPLICATE_METHOD_MATCH = YES;
				COPY_PHASE_STRIP = NO;
				DEBUG_INFORMATION_FORMAT = "dwarf-with-dsym";
				ENABLE_NS_ASSERTIONS = NO;
				ENABLE_STRICT_OBJC_MSGSEND = YES;
				GCC_C_LANGUAGE_STANDARD = gnu11;
				GCC_NO_COMMON_BLOCKS = YES;
				GCC_WARN_64_TO_32_BIT_CONVERSION = YES;
				GCC_WARN_ABOUT_RETURN_TYPE = YES_ERROR;
				GCC_WARN_UNDECLARED_SELECTOR = YES;
				GCC_WARN_UNINITIALIZED_AUTOS = YES_AGGRESSIVE;
				GCC_WARN_UNUSED_FUNCTION = YES;
				GCC_WARN_UNUSED_VARIABLE = YES;
				IPHONEOS_DEPLOYMENT_TARGET = 15.2;
				MTL_ENABLE_DEBUG_INFO = NO;
				MTL_FAST_MATH = YES;
				SDKROOT = iphoneos;
				VALIDATE_PRODUCT = YES;
			};
			name = Release;
		};
		793301E827AB6C7D001B9CC9 /* Debug */ = {
			isa = XCBuildConfiguration;
			buildSettings = {
				ASSETCATALOG_COMPILER_APPICON_NAME = AppIcon;
				ASSETCATALOG_COMPILER_GLOBAL_ACCENT_COLOR_NAME = AccentColor;
				CODE_SIGN_STYLE = Automatic;
				CURRENT_PROJECT_VERSION = 1;
				GENERATE_INFOPLIST_FILE = YES;
				INFOPLIST_FILE = D3_HomepwnerPractice/Info.plist;
				INFOPLIST_KEY_UIApplicationSupportsIndirectInputEvents = YES;
				INFOPLIST_KEY_UILaunchStoryboardName = LaunchScreen;
				INFOPLIST_KEY_UIMainStoryboardFile = Main;
				INFOPLIST_KEY_UISupportedInterfaceOrientations_iPad = "UIInterfaceOrientationPortrait UIInterfaceOrientationPortraitUpsideDown UIInterfaceOrientationLandscapeLeft UIInterfaceOrientationLandscapeRight";
				INFOPLIST_KEY_UISupportedInterfaceOrientations_iPhone = "UIInterfaceOrientationPortrait UIInterfaceOrientationLandscapeLeft UIInterfaceOrientationLandscapeRight";
				LD_RUNPATH_SEARCH_PATHS = (
					"$(inherited)",
					"@executable_path/Frameworks",
				);
				MARKETING_VERSION = 1.0;
				PRODUCT_BUNDLE_IDENTIFIER = "com.yl.D3-HomepwnerPractice";
				PRODUCT_NAME = "$(TARGET_NAME)";
				SWIFT_EMIT_LOC_STRINGS = YES;
				TARGETED_DEVICE_FAMILY = "1,2";
			};
			name = Debug;
		};
		793301E927AB6C7D001B9CC9 /* Release */ = {
			isa = XCBuildConfiguration;
			buildSettings = {
				ASSETCATALOG_COMPILER_APPICON_NAME = AppIcon;
				ASSETCATALOG_COMPILER_GLOBAL_ACCENT_COLOR_NAME = AccentColor;
				CODE_SIGN_STYLE = Automatic;
				CURRENT_PROJECT_VERSION = 1;
				GENERATE_INFOPLIST_FILE = YES;
				INFOPLIST_FILE = D3_HomepwnerPractice/Info.plist;
				INFOPLIST_KEY_UIApplicationSupportsIndirectInputEvents = YES;
				INFOPLIST_KEY_UILaunchStoryboardName = LaunchScreen;
				INFOPLIST_KEY_UIMainStoryboardFile = Main;
				INFOPLIST_KEY_UISupportedInterfaceOrientations_iPad = "UIInterfaceOrientationPortrait UIInterfaceOrientationPortraitUpsideDown UIInterfaceOrientationLandscapeLeft UIInterfaceOrientationLandscapeRight";
				INFOPLIST_KEY_UISupportedInterfaceOrientations_iPhone = "UIInterfaceOrientationPortrait UIInterfaceOrientationLandscapeLeft UIInterfaceOrientationLandscapeRight";
				LD_RUNPATH_SEARCH_PATHS = (
					"$(inherited)",
					"@executable_path/Frameworks",
				);
				MARKETING_VERSION = 1.0;
				PRODUCT_BUNDLE_IDENTIFIER = "com.yl.D3-HomepwnerPractice";
				PRODUCT_NAME = "$(TARGET_NAME)";
				SWIFT_EMIT_LOC_STRINGS = YES;
				TARGETED_DEVICE_FAMILY = "1,2";
			};
			name = Release;
		};
/* End XCBuildConfiguration section */

/* Begin XCConfigurationList section */
		793301C927AB6C7D001B9CC9 /* Build configuration list for PBXProject "D3_HomepwnerPractice" */ = {
			isa = XCConfigurationList;
			buildConfigurations = (
				793301E527AB6C7D001B9CC9 /* Debug */,
				793301E627AB6C7D001B9CC9 /* Release */,
			);
			defaultConfigurationIsVisible = 0;
			defaultConfigurationName = Release;
		};
		793301E727AB6C7D001B9CC9 /* Build configuration list for PBXNativeTarget "D3_HomepwnerPractice" */ = {
			isa = XCConfigurationList;
			buildConfigurations = (
				793301E827AB6C7D001B9CC9 /* Debug */,
				793301E927AB6C7D001B9CC9 /* Release */,
			);
			defaultConfigurationIsVisible = 0;
			defaultConfigurationName = Release;
		};
/* End XCConfigurationList section */
	};
	rootObject = 793301C627AB6C7D001B9CC9 /* Project object */;
}
