// !$*UTF8*$!
{
	archiveVersion = 1;
	classes = {
	};
	objectVersion = 55;
	objects = {

/* Begin PBXBuildFile section */
		7933010727A98B06001B9CC9 /* AppDelegate.m in Sources */ = {isa = PBXBuildFile; fileRef = 7933010627A98B06001B9CC9 /* AppDelegate.m */; };
		7933010A27A98B06001B9CC9 /* SceneDelegate.m in Sources */ = {isa = PBXBuildFile; fileRef = 7933010927A98B06001B9CC9 /* SceneDelegate.m */; };
		7933010D27A98B06001B9CC9 /* ViewController.m in Sources */ = {isa = PBXBuildFile; fileRef = 7933010C27A98B06001B9CC9 /* ViewController.m */; };
		7933011027A98B06001B9CC9 /* Main.storyboard in Resources */ = {isa = PBXBuildFile; fileRef = 7933010E27A98B06001B9CC9 /* Main.storyboard */; };
		7933011227A98B06001B9CC9 /* Assets.xcassets in Resources */ = {isa = PBXBuildFile; fileRef = 7933011127A98B06001B9CC9 /* Assets.xcassets */; };
		7933011527A98B06001B9CC9 /* LaunchScreen.storyboard in Resources */ = {isa = PBXBuildFile; fileRef = 7933011327A98B06001B9CC9 /* LaunchScreen.storyboard */; };
		7933011827A98B06001B9CC9 /* main.m in Sources */ = {isa = PBXBuildFile; fileRef = 7933011727A98B06001B9CC9 /* main.m */; };
		7933012027A98C16001B9CC9 /* BNRItemsViewController.m in Sources */ = {isa = PBXBuildFile; fileRef = 7933011F27A98C16001B9CC9 /* BNRItemsViewController.m */; };
		7933012327A98F12001B9CC9 /* BNRItem.m in Sources */ = {isa = PBXBuildFile; fileRef = 7933012127A98F12001B9CC9 /* BNRItem.m */; };
		7933012627A990E7001B9CC9 /* BNRItemStore.m in Sources */ = {isa = PBXBuildFile; fileRef = 7933012527A990E7001B9CC9 /* BNRItemStore.m */; };
		793301F827AB77FF001B9CC9 /* BNRDetailViewController.m in Sources */ = {isa = PBXBuildFile; fileRef = 793301F627AB77FF001B9CC9 /* BNRDetailViewController.m */; };
		793301F927AB77FF001B9CC9 /* BNRDetailViewController.xib in Resources */ = {isa = PBXBuildFile; fileRef = 793301F727AB77FF001B9CC9 /* BNRDetailViewController.xib */; };
		793301FC27AB99D2001B9CC9 /* BNRImageStore.m in Sources */ = {isa = PBXBuildFile; fileRef = 793301FB27AB99D2001B9CC9 /* BNRImageStore.m */; };
		79F54F9127C11ED700C3F492 /* BNRItemCell.m in Sources */ = {isa = PBXBuildFile; fileRef = 79F54F9027C11ED700C3F492 /* BNRItemCell.m */; };
		79F54F9527C13CA200C3F492 /* BNRItemCell.xib in Resources */ = {isa = PBXBuildFile; fileRef = 79F54F9427C13CA200C3F492 /* BNRItemCell.xib */; };
		79F54F9827C1F47700C3F492 /* BNRImageViewController.m in Sources */ = {isa = PBXBuildFile; fileRef = 79F54F9727C1F47700C3F492 /* BNRImageViewController.m */; };
/* End PBXBuildFile section */

/* Begin PBXFileReference section */
		7933010227A98B06001B9CC9 /* D_Homepwner.app */ = {isa = PBXFileReference; explicitFileType = wrapper.application; includeInIndex = 0; path = D_Homepwner.app; sourceTree = BUILT_PRODUCTS_DIR; };
		7933010527A98B06001B9CC9 /* AppDelegate.h */ = {isa = PBXFileReference; lastKnownFileType = sourcecode.c.h; path = AppDelegate.h; sourceTree = "<group>"; };
		7933010627A98B06001B9CC9 /* AppDelegate.m */ = {isa = PBXFileReference; lastKnownFileType = sourcecode.c.objc; path = AppDelegate.m; sourceTree = "<group>"; };
		7933010827A98B06001B9CC9 /* SceneDelegate.h */ = {isa = PBXFileReference; lastKnownFileType = sourcecode.c.h; path = SceneDelegate.h; sourceTree = "<group>"; };
		7933010927A98B06001B9CC9 /* SceneDelegate.m */ = {isa = PBXFileReference; lastKnownFileType = sourcecode.c.objc; path = SceneDelegate.m; sourceTree = "<group>"; };
		7933010B27A98B06001B9CC9 /* ViewController.h */ = {isa = PBXFileReference; lastKnownFileType = sourcecode.c.h; path = ViewController.h; sourceTree = "<group>"; };
		7933010C27A98B06001B9CC9 /* ViewController.m */ = {isa = PBXFileReference; lastKnownFileType = sourcecode.c.objc; path = ViewController.m; sourceTree = "<group>"; };
		7933010F27A98B06001B9CC9 /* Base */ = {isa = PBXFileReference; lastKnownFileType = file.storyboard; name = Base; path = Base.lproj/Main.storyboard; sourceTree = "<group>"; };
		7933011127A98B06001B9CC9 /* Assets.xcassets */ = {isa = PBXFileReference; lastKnownFileType = folder.assetcatalog; path = Assets.xcassets; sourceTree = "<group>"; };
		7933011427A98B06001B9CC9 /* Base */ = {isa = PBXFileReference; lastKnownFileType = file.storyboard; name = Base; path = Base.lproj/LaunchScreen.storyboard; sourceTree = "<group>"; };
		7933011627A98B06001B9CC9 /* Info.plist */ = {isa = PBXFileReference; lastKnownFileType = text.plist.xml; path = Info.plist; sourceTree = "<group>"; };
		7933011727A98B06001B9CC9 /* main.m */ = {isa = PBXFileReference; lastKnownFileType = sourcecode.c.objc; path = main.m; sourceTree = "<group>"; };
		7933011E27A98C16001B9CC9 /* BNRItemsViewController.h */ = {isa = PBXFileReference; lastKnownFileType = sourcecode.c.h; path = BNRItemsViewController.h; sourceTree = "<group>"; };
		7933011F27A98C16001B9CC9 /* BNRItemsViewController.m */ = {isa = PBXFileReference; lastKnownFileType = sourcecode.c.objc; path = BNRItemsViewController.m; sourceTree = "<group>"; };
		7933012127A98F12001B9CC9 /* BNRItem.m */ = {isa = PBXFileReference; fileEncoding = 4; lastKnownFileType = sourcecode.c.objc; path = BNRItem.m; sourceTree = "<group>"; };
		7933012227A98F12001B9CC9 /* BNRItem.h */ = {isa = PBXFileReference; fileEncoding = 4; lastKnownFileType = sourcecode.c.h; path = BNRItem.h; sourceTree = "<group>"; };
		7933012427A990E7001B9CC9 /* BNRItemStore.h */ = {isa = PBXFileReference; lastKnownFileType = sourcecode.c.h; path = BNRItemStore.h; sourceTree = "<group>"; };
		7933012527A990E7001B9CC9 /* BNRItemStore.m */ = {isa = PBXFileReference; lastKnownFileType = sourcecode.c.objc; path = BNRItemStore.m; sourceTree = "<group>"; };
		793301F527AB77FF001B9CC9 /* BNRDetailViewController.h */ = {isa = PBXFileReference; lastKnownFileType = sourcecode.c.h; path = BNRDetailViewController.h; sourceTree = "<group>"; };
		793301F627AB77FF001B9CC9 /* BNRDetailViewController.m */ = {isa = PBXFileReference; lastKnownFileType = sourcecode.c.objc; path = BNRDetailViewController.m; sourceTree = "<group>"; };
		793301F727AB77FF001B9CC9 /* BNRDetailViewController.xib */ = {isa = PBXFileReference; lastKnownFileType = file.xib; path = BNRDetailViewController.xib; sourceTree = "<group>"; };
		793301FA27AB99D2001B9CC9 /* BNRImageStore.h */ = {isa = PBXFileReference; lastKnownFileType = sourcecode.c.h; path = BNRImageStore.h; sourceTree = "<group>"; };
		793301FB27AB99D2001B9CC9 /* BNRImageStore.m */ = {isa = PBXFileReference; lastKnownFileType = sourcecode.c.objc; path = BNRImageStore.m; sourceTree = "<group>"; };
		79F54F8F27C11ED700C3F492 /* BNRItemCell.h */ = {isa = PBXFileReference; lastKnownFileType = sourcecode.c.h; path = BNRItemCell.h; sourceTree = "<group>"; };
		79F54F9027C11ED700C3F492 /* BNRItemCell.m */ = {isa = PBXFileReference; lastKnownFileType = sourcecode.c.objc; path = BNRItemCell.m; sourceTree = "<group>"; };
		79F54F9427C13CA200C3F492 /* BNRItemCell.xib */ = {isa = PBXFileReference; lastKnownFileType = file.xib; path = BNRItemCell.xib; sourceTree = "<group>"; };
		79F54F9627C1F47700C3F492 /* BNRImageViewController.h */ = {isa = PBXFileReference; lastKnownFileType = sourcecode.c.h; path = BNRImageViewController.h; sourceTree = "<group>"; };
		79F54F9727C1F47700C3F492 /* BNRImageViewController.m */ = {isa = PBXFileReference; lastKnownFileType = sourcecode.c.objc; path = BNRImageViewController.m; sourceTree = "<group>"; };
/* End PBXFileReference section */

/* Begin PBXFrameworksBuildPhase section */
		793300FF27A98B06001B9CC9 /* Frameworks */ = {
			isa = PBXFrameworksBuildPhase;
			buildActionMask = 2147483647;
			files = (
			);
			runOnlyForDeploymentPostprocessing = 0;
		};
/* End PBXFrameworksBuildPhase section */

/* Begin PBXGroup section */
		793300F927A98B06001B9CC9 = {
			isa = PBXGroup;
			children = (
				7933010427A98B06001B9CC9 /* D_Homepwner */,
				7933010327A98B06001B9CC9 /* Products */,
			);
			sourceTree = "<group>";
		};
		7933010327A98B06001B9CC9 /* Products */ = {
			isa = PBXGroup;
			children = (
				7933010227A98B06001B9CC9 /* D_Homepwner.app */,
			);
			name = Products;
			sourceTree = "<group>";
		};
		7933010427A98B06001B9CC9 /* D_Homepwner */ = {
			isa = PBXGroup;
			children = (
				7933010527A98B06001B9CC9 /* AppDelegate.h */,
				7933010627A98B06001B9CC9 /* AppDelegate.m */,
				7933010827A98B06001B9CC9 /* SceneDelegate.h */,
				7933010927A98B06001B9CC9 /* SceneDelegate.m */,
				7933010B27A98B06001B9CC9 /* ViewController.h */,
				7933010C27A98B06001B9CC9 /* ViewController.m */,
				7933010E27A98B06001B9CC9 /* Main.storyboard */,
				7933011127A98B06001B9CC9 /* Assets.xcassets */,
				7933011327A98B06001B9CC9 /* LaunchScreen.storyboard */,
				7933011627A98B06001B9CC9 /* Info.plist */,
				7933011727A98B06001B9CC9 /* main.m */,
				793301F527AB77FF001B9CC9 /* BNRDetailViewController.h */,
				793301F627AB77FF001B9CC9 /* BNRDetailViewController.m */,
				793301F727AB77FF001B9CC9 /* BNRDetailViewController.xib */,
				793301FA27AB99D2001B9CC9 /* BNRImageStore.h */,
				793301FB27AB99D2001B9CC9 /* BNRImageStore.m */,
				79F54F8F27C11ED700C3F492 /* BNRItemCell.h */,
				79F54F9027C11ED700C3F492 /* BNRItemCell.m */,
				79F54F9427C13CA200C3F492 /* BNRItemCell.xib */,
				7933011E27A98C16001B9CC9 /* BNRItemsViewController.h */,
				7933011F27A98C16001B9CC9 /* BNRItemsViewController.m */,
				79F54F9627C1F47700C3F492 /* BNRImageViewController.h */,
				79F54F9727C1F47700C3F492 /* BNRImageViewController.m */,
				7933012227A98F12001B9CC9 /* BNRItem.h */,
				7933012127A98F12001B9CC9 /* BNRItem.m */,
				7933012427A990E7001B9CC9 /* BNRItemStore.h */,
				7933012527A990E7001B9CC9 /* BNRItemStore.m */,
			);
			path = D_Homepwner;
			sourceTree = "<group>";
		};
/* End PBXGroup section */

/* Begin PBXNativeTarget section */
		7933010127A98B06001B9CC9 /* D_Homepwner */ = {
			isa = PBXNativeTarget;
			buildConfigurationList = 7933011B27A98B06001B9CC9 /* Build configuration list for PBXNativeTarget "D_Homepwner" */;
			buildPhases = (
				793300FE27A98B06001B9CC9 /* Sources */,
				793300FF27A98B06001B9CC9 /* Frameworks */,
				7933010027A98B06001B9CC9 /* Resources */,
			);
			buildRules = (
			);
			dependencies = (
			);
			name = D_Homepwner;
			productName = D_Homepwner;
			productReference = 7933010227A98B06001B9CC9 /* D_Homepwner.app */;
			productType = "com.apple.product-type.application";
		};
/* End PBXNativeTarget section */

/* Begin PBXProject section */
		793300FA27A98B06001B9CC9 /* Project object */ = {
			isa = PBXProject;
			attributes = {
				BuildIndependentTargetsInParallel = 1;
				LastUpgradeCheck = 1320;
				TargetAttributes = {
					7933010127A98B06001B9CC9 = {
						CreatedOnToolsVersion = 13.2.1;
					};
				};
			};
			buildConfigurationList = 793300FD27A98B06001B9CC9 /* Build configuration list for PBXProject "D_Homepwner" */;
			compatibilityVersion = "Xcode 13.0";
			developmentRegion = en;
			hasScannedForEncodings = 0;
			knownRegions = (
				en,
				Base,
			);
			mainGroup = 793300F927A98B06001B9CC9;
			productRefGroup = 7933010327A98B06001B9CC9 /* Products */;
			projectDirPath = "";
			projectRoot = "";
			targets = (
				7933010127A98B06001B9CC9 /* D_Homepwner */,
			);
		};
/* End PBXProject section */

/* Begin PBXResourcesBuildPhase section */
		7933010027A98B06001B9CC9 /* Resources */ = {
			isa = PBXResourcesBuildPhase;
			buildActionMask = 2147483647;
			files = (
				7933011527A98B06001B9CC9 /* LaunchScreen.storyboard in Resources */,
				7933011227A98B06001B9CC9 /* Assets.xcassets in Resources */,
				7933011027A98B06001B9CC9 /* Main.storyboard in Resources */,
				793301F927AB77FF001B9CC9 /* BNRDetailViewController.xib in Resources */,
				79F54F9527C13CA200C3F492 /* BNRItemCell.xib in Resources */,
			);
			runOnlyForDeploymentPostprocessing = 0;
		};
/* End PBXResourcesBuildPhase section */

/* Begin PBXSourcesBuildPhase section */
		793300FE27A98B06001B9CC9 /* Sources */ = {
			isa = PBXSourcesBuildPhase;
			buildActionMask = 2147483647;
			files = (
				793301F827AB77FF001B9CC9 /* BNRDetailViewController.m in Sources */,
				7933010D27A98B06001B9CC9 /* ViewController.m in Sources */,
				793301FC27AB99D2001B9CC9 /* BNRImageStore.m in Sources */,
				7933012327A98F12001B9CC9 /* BNRItem.m in Sources */,
				7933010727A98B06001B9CC9 /* AppDelegate.m in Sources */,
				79F54F9827C1F47700C3F492 /* BNRImageViewController.m in Sources */,
				79F54F9127C11ED700C3F492 /* BNRItemCell.m in Sources */,
				7933012627A990E7001B9CC9 /* BNRItemStore.m in Sources */,
				7933011827A98B06001B9CC9 /* main.m in Sources */,
				7933010A27A98B06001B9CC9 /* SceneDelegate.m in Sources */,
				7933012027A98C16001B9CC9 /* BNRItemsViewController.m in Sources */,
			);
			runOnlyForDeploymentPostprocessing = 0;
		};
/* End PBXSourcesBuildPhase section */

/* Begin PBXVariantGroup section */
		7933010E27A98B06001B9CC9 /* Main.storyboard */ = {
			isa = PBXVariantGroup;
			children = (
				7933010F27A98B06001B9CC9 /* Base */,
			);
			name = Main.storyboard;
			sourceTree = "<group>";
		};
		7933011327A98B06001B9CC9 /* LaunchScreen.storyboard */ = {
			isa = PBXVariantGroup;
			children = (
				7933011427A98B06001B9CC9 /* Base */,
			);
			name = LaunchScreen.storyboard;
			sourceTree = "<group>";
		};
/* End PBXVariantGroup section */

/* Begin XCBuildConfiguration section */
		7933011927A98B06001B9CC9 /* Debug */ = {
			isa = XCBuildConfiguration;
			buildSettings = {
				ALWAYS_SEARCH_USER_PATHS = NO;
				CLANG_ANALYZER_NONNULL = YES;
				CLANG_ANALYZER_NUMBER_OBJECT_CONVERSION = YES_AGGRESSIVE;
				CLANG_CXX_LANGUAGE_STANDARD = "gnu++17";
				CLANG_CXX_LIBRARY = "libc++";
				CLANG_ENABLE_MODULES = YES;
				CLANG_ENABLE_OBJC_ARC = YES;
				CLANG_ENABLE_OBJC_WEAK = YES;
				CLANG_WARN_BLOCK_CAPTURE_AUTORELEASING = YES;
				CLANG_WARN_BOOL_CONVERSION = YES;
				CLANG_WARN_COMMA = YES;
				CLANG_WARN_CONSTANT_CONVERSION = YES;
				CLANG_WARN_DEPRECATED_OBJC_IMPLEMENTATIONS = YES;
				CLANG_WARN_DIRECT_OBJC_ISA_USAGE = YES_ERROR;
				CLANG_WARN_DOCUMENTATION_COMMENTS = YES;
				CLANG_WARN_EMPTY_BODY = YES;
				CLANG_WARN_ENUM_CONVERSION = YES;
				CLANG_WARN_INFINITE_RECURSION = YES;
				CLANG_WARN_INT_CONVERSION = YES;
				CLANG_WARN_NON_LITERAL_NULL_CONVERSION = YES;
				CLANG_WARN_OBJC_IMPLICIT_RETAIN_SELF = YES;
				CLANG_WARN_OBJC_LITERAL_CONVERSION = YES;
				CLANG_WARN_OBJC_ROOT_CLASS = YES_ERROR;
				CLANG_WARN_QUOTED_INCLUDE_IN_FRAMEWORK_HEADER = YES;
				CLANG_WARN_RANGE_LOOP_ANALYSIS = YES;
				CLANG_WARN_STRICT_PROTOTYPES = YES;
				CLANG_WARN_SUSPICIOUS_MOVE = YES;
				CLANG_WARN_UNGUARDED_AVAILABILITY = YES_AGGRESSIVE;
				CLANG_WARN_UNREACHABLE_CODE = YES;
				CLANG_WARN__DUPLICATE_METHOD_MATCH = YES;
				COPY_PHASE_STRIP = NO;
				DEBUG_INFORMATION_FORMAT = dwarf;
				ENABLE_STRICT_OBJC_MSGSEND = YES;
				ENABLE_TESTABILITY = YES;
				GCC_C_LANGUAGE_STANDARD = gnu11;
				GCC_DYNAMIC_NO_PIC = NO;
				GCC_NO_COMMON_BLOCKS = YES;
				GCC_OPTIMIZATION_LEVEL = 0;
				GCC_PREPROCESSOR_DEFINITIONS = (
					"DEBUG=1",
					"$(inherited)",
				);
				GCC_WARN_64_TO_32_BIT_CONVERSION = YES;
				GCC_WARN_ABOUT_RETURN_TYPE = YES_ERROR;
				GCC_WARN_UNDECLARED_SELECTOR = YES;
				GCC_WARN_UNINITIALIZED_AUTOS = YES_AGGRESSIVE;
				GCC_WARN_UNUSED_FUNCTION = YES;
				GCC_WARN_UNUSED_VARIABLE = YES;
				IPHONEOS_DEPLOYMENT_TARGET = 14.1;
				MTL_ENABLE_DEBUG_INFO = INCLUDE_SOURCE;
				MTL_FAST_MATH = YES;
				ONLY_ACTIVE_ARCH = YES;
				SDKROOT = iphoneos;
			};
			name = Debug;
		};
		7933011A27A98B06001B9CC9 /* Release */ = {
			isa = XCBuildConfiguration;
			buildSettings = {
				ALWAYS_SEARCH_USER_PATHS = NO;
				CLANG_ANALYZER_NONNULL = YES;
				CLANG_ANALYZER_NUMBER_OBJECT_CONVERSION = YES_AGGRESSIVE;
				CLANG_CXX_LANGUAGE_STANDARD = "gnu++17";
				CLANG_CXX_LIBRARY = "libc++";
				CLANG_ENABLE_MODULES = YES;
				CLANG_ENABLE_OBJC_ARC = YES;
				CLANG_ENABLE_OBJC_WEAK = YES;
				CLANG_WARN_BLOCK_CAPTURE_AUTORELEASING = YES;
				CLANG_WARN_BOOL_CONVERSION = YES;
				CLANG_WARN_COMMA = YES;
				CLANG_WARN_CONSTANT_CONVERSION = YES;
				CLANG_WARN_DEPRECATED_OBJC_IMPLEMENTATIONS = YES;
				CLANG_WARN_DIRECT_OBJC_ISA_USAGE = YES_ERROR;
				CLANG_WARN_DOCUMENTATION_COMMENTS = YES;
				CLANG_WARN_EMPTY_BODY = YES;
				CLANG_WARN_ENUM_CONVERSION = YES;
				CLANG_WARN_INFINITE_RECURSION = YES;
				CLANG_WARN_INT_CONVERSION = YES;
				CLANG_WARN_NON_LITERAL_NULL_CONVERSION = YES;
				CLANG_WARN_OBJC_IMPLICIT_RETAIN_SELF = YES;
				CLANG_WARN_OBJC_LITERAL_CONVERSION = YES;
				CLANG_WARN_OBJC_ROOT_CLASS = YES_ERROR;
				CLANG_WARN_QUOTED_INCLUDE_IN_FRAMEWORK_HEADER = YES;
				CLANG_WARN_RANGE_LOOP_ANALYSIS = YES;
				CLANG_WARN_STRICT_PROTOTYPES = YES;
				CLANG_WARN_SUSPICIOUS_MOVE = YES;
				CLANG_WARN_UNGUARDED_AVAILABILITY = YES_AGGRESSIVE;
				CLANG_WARN_UNREACHABLE_CODE = YES;
				CLANG_WARN__DUPLICATE_METHOD_MATCH = YES;
				COPY_PHASE_STRIP = NO;
				DEBUG_INFORMATION_FORMAT = "dwarf-with-dsym";
				ENABLE_NS_ASSERTIONS = NO;
				ENABLE_STRICT_OBJC_MSGSEND = YES;
				GCC_C_LANGUAGE_STANDARD = gnu11;
				GCC_NO_COMMON_BLOCKS = YES;
				GCC_WARN_64_TO_32_BIT_CONVERSION = YES;
				GCC_WARN_ABOUT_RETURN_TYPE = YES_ERROR;
				GCC_WARN_UNDECLARED_SELECTOR = YES;
				GCC_WARN_UNINITIALIZED_AUTOS = YES_AGGRESSIVE;
				GCC_WARN_UNUSED_FUNCTION = YES;
				GCC_WARN_UNUSED_VARIABLE = YES;
				IPHONEOS_DEPLOYMENT_TARGET = 14.1;
				MTL_ENABLE_DEBUG_INFO = NO;
				MTL_FAST_MATH = YES;
				SDKROOT = iphoneos;
				VALIDATE_PRODUCT = YES;
			};
			name = Release;
		};
		7933011C27A98B06001B9CC9 /* Debug */ = {
			isa = XCBuildConfiguration;
			buildSettings = {
				ASSETCATALOG_COMPILER_APPICON_NAME = AppIcon;
				ASSETCATALOG_COMPILER_GLOBAL_ACCENT_COLOR_NAME = AccentColor;
				CODE_SIGN_STYLE = Automatic;
				CURRENT_PROJECT_VERSION = 1;
				DEVELOPMENT_TEAM = 2QTK5HPG42;
				GENERATE_INFOPLIST_FILE = YES;
				INFOPLIST_FILE = D_Homepwner/Info.plist;
				INFOPLIST_KEY_UIApplicationSupportsIndirectInputEvents = YES;
				INFOPLIST_KEY_UILaunchStoryboardName = LaunchScreen;
				INFOPLIST_KEY_UIMainStoryboardFile = Main;
				INFOPLIST_KEY_UISupportedInterfaceOrientations_iPad = "UIInterfaceOrientationPortrait UIInterfaceOrientationPortraitUpsideDown UIInterfaceOrientationLandscapeLeft UIInterfaceOrientationLandscapeRight";
				INFOPLIST_KEY_UISupportedInterfaceOrientations_iPhone = "UIInterfaceOrientationPortrait UIInterfaceOrientationLandscapeLeft UIInterfaceOrientationLandscapeRight";
				LD_RUNPATH_SEARCH_PATHS = (
					"$(inherited)",
					"@executable_path/Frameworks",
				);
				MARKETING_VERSION = 1.0;
				PRODUCT_BUNDLE_IDENTIFIER = "com.yl.D-Homepwner";
				PRODUCT_NAME = "$(TARGET_NAME)";
				SWIFT_EMIT_LOC_STRINGS = YES;
				TARGETED_DEVICE_FAMILY = "1,2";
			};
			name = Debug;
		};
		7933011D27A98B06001B9CC9 /* Release */ = {
			isa = XCBuildConfiguration;
			buildSettings = {
				ASSETCATALOG_COMPILER_APPICON_NAME = AppIcon;
				ASSETCATALOG_COMPILER_GLOBAL_ACCENT_COLOR_NAME = AccentColor;
				CODE_SIGN_STYLE = Automatic;
				CURRENT_PROJECT_VERSION = 1;
				DEVELOPMENT_TEAM = 2QTK5HPG42;
				GENERATE_INFOPLIST_FILE = YES;
				INFOPLIST_FILE = D_Homepwner/Info.plist;
				INFOPLIST_KEY_UIApplicationSupportsIndirectInputEvents = YES;
				INFOPLIST_KEY_UILaunchStoryboardName = LaunchScreen;
				INFOPLIST_KEY_UIMainStoryboardFile = Main;
				INFOPLIST_KEY_UISupportedInterfaceOrientations_iPad = "UIInterfaceOrientationPortrait UIInterfaceOrientationPortraitUpsideDown UIInterfaceOrientationLandscapeLeft UIInterfaceOrientationLandscapeRight";
				INFOPLIST_KEY_UISupportedInterfaceOrientations_iPhone = "UIInterfaceOrientationPortrait UIInterfaceOrientationLandscapeLeft UIInterfaceOrientationLandscapeRight";
				LD_RUNPATH_SEARCH_PATHS = (
					"$(inherited)",
					"@executable_path/Frameworks",
				);
				MARKETING_VERSION = 1.0;
				PRODUCT_BUNDLE_IDENTIFIER = "com.yl.D-Homepwner";
				PRODUCT_NAME = "$(TARGET_NAME)";
				SWIFT_EMIT_LOC_STRINGS = YES;
				TARGETED_DEVICE_FAMILY = "1,2";
			};
			name = Release;
		};
/* End XCBuildConfiguration section */

/* Begin XCConfigurationList section */
		793300FD27A98B06001B9CC9 /* Build configuration list for PBXProject "D_Homepwner" */ = {
			isa = XCConfigurationList;
			buildConfigurations = (
				7933011927A98B06001B9CC9 /* Debug */,
				7933011A27A98B06001B9CC9 /* Release */,
			);
			defaultConfigurationIsVisible = 0;
			defaultConfigurationName = Release;
		};
		7933011B27A98B06001B9CC9 /* Build configuration list for PBXNativeTarget "D_Homepwner" */ = {
			isa = XCConfigurationList;
			buildConfigurations = (
				7933011C27A98B06001B9CC9 /* Debug */,
				7933011D27A98B06001B9CC9 /* Release */,
			);
			defaultConfigurationIsVisible = 0;
			defaultConfigurationName = Release;
		};
/* End XCConfigurationList section */
	};
	rootObject = 793300FA27A98B06001B9CC9 /* Project object */;
}
